// !$*UTF8*$!
{
	archiveVersion = 1;
	classes = {
	};
	objectVersion = 56;
	objects = {

/* Begin PBXBuildFile section */
		382F27162BBC9A9500DB7315 /* MainScreenView.swift in Sources */ = {isa = PBXBuildFile; fileRef = 382F27152BBC9A9500DB7315 /* MainScreenView.swift */; };
		382F27192BBC9BA400DB7315 /* LoginScreenView.swift in Sources */ = {isa = PBXBuildFile; fileRef = 382F27182BBC9BA400DB7315 /* LoginScreenView.swift */; };
		382F271B2BBC9BB300DB7315 /* LoginScreenViewController.swift in Sources */ = {isa = PBXBuildFile; fileRef = 382F271A2BBC9BB300DB7315 /* LoginScreenViewController.swift */; };
		708A52252BC5A857004DC3BF /* FirebaseAuth in Frameworks */ = {isa = PBXBuildFile; productRef = 708A52242BC5A857004DC3BF /* FirebaseAuth */; };
		708A52272BC5A857004DC3BF /* FirebaseFirestore in Frameworks */ = {isa = PBXBuildFile; productRef = 708A52262BC5A857004DC3BF /* FirebaseFirestore */; };
		708A52292BC5A857004DC3BF /* FirebaseFirestoreSwift in Frameworks */ = {isa = PBXBuildFile; productRef = 708A52282BC5A857004DC3BF /* FirebaseFirestoreSwift */; };
		708A522B2BC5A857004DC3BF /* FirebaseStorage in Frameworks */ = {isa = PBXBuildFile; productRef = 708A522A2BC5A857004DC3BF /* FirebaseStorage */; };
		767E71312BC0A5A800B96A7A /* RegisterView.swift in Sources */ = {isa = PBXBuildFile; fileRef = 767E71302BC0A5A800B96A7A /* RegisterView.swift */; };
		767E71332BC0A5B800B96A7A /* RegisterViewController.swift in Sources */ = {isa = PBXBuildFile; fileRef = 767E71322BC0A5B800B96A7A /* RegisterViewController.swift */; };
		767E71362BC0A77200B96A7A /* MyTripsViewController.swift in Sources */ = {isa = PBXBuildFile; fileRef = 767E71352BC0A77200B96A7A /* MyTripsViewController.swift */; };
		767E71382BC0A78700B96A7A /* MyTripsView.swift in Sources */ = {isa = PBXBuildFile; fileRef = 767E71372BC0A78700B96A7A /* MyTripsView.swift */; };
		767E713C2BC0A7C500B96A7A /* PendingRequestCardView.swift in Sources */ = {isa = PBXBuildFile; fileRef = 767E713B2BC0A7C500B96A7A /* PendingRequestCardView.swift */; };
		767E713E2BC0A7D200B96A7A /* SentRequestCardView.swift in Sources */ = {isa = PBXBuildFile; fileRef = 767E713D2BC0A7D200B96A7A /* SentRequestCardView.swift */; };
		767E71422BC0A8A700B96A7A /* FindTripView.swift in Sources */ = {isa = PBXBuildFile; fileRef = 767E71412BC0A8A700B96A7A /* FindTripView.swift */; };
		767E71442BC0A8B900B96A7A /* FindTripViewController.swift in Sources */ = {isa = PBXBuildFile; fileRef = 767E71432BC0A8B900B96A7A /* FindTripViewController.swift */; };
		767E71462BC0A8D100B96A7A /* TripCardView.swift in Sources */ = {isa = PBXBuildFile; fileRef = 767E71452BC0A8D100B96A7A /* TripCardView.swift */; };
		767E71482BC0A8E200B96A7A /* TripDetail.swift in Sources */ = {isa = PBXBuildFile; fileRef = 767E71472BC0A8E200B96A7A /* TripDetail.swift */; };
		767E714E2BC0A95700B96A7A /* Place.swift in Sources */ = {isa = PBXBuildFile; fileRef = 767E714D2BC0A95700B96A7A /* Place.swift */; };
		767E71502BC0A96600B96A7A /* Trip.swift in Sources */ = {isa = PBXBuildFile; fileRef = 767E714F2BC0A96600B96A7A /* Trip.swift */; };
		767E71522BC0A97800B96A7A /* MapLocation.swift in Sources */ = {isa = PBXBuildFile; fileRef = 767E71512BC0A97800B96A7A /* MapLocation.swift */; };
		767E71542BC0A9BA00B96A7A /* OfferTripView.swift in Sources */ = {isa = PBXBuildFile; fileRef = 767E71532BC0A9BA00B96A7A /* OfferTripView.swift */; };
		767E71562BC0A9D200B96A7A /* SearchTableViewCell.swift in Sources */ = {isa = PBXBuildFile; fileRef = 767E71552BC0A9D200B96A7A /* SearchTableViewCell.swift */; };
		767E71582BC0A9ED00B96A7A /* TripConfirmationView.swift in Sources */ = {isa = PBXBuildFile; fileRef = 767E71572BC0A9ED00B96A7A /* TripConfirmationView.swift */; };
		767E715A2BC0AA2F00B96A7A /* OfferTripViewController.swift in Sources */ = {isa = PBXBuildFile; fileRef = 767E71592BC0AA2F00B96A7A /* OfferTripViewController.swift */; };
		767E715C2BC0AA4000B96A7A /* TripConfirmationViewController.swift in Sources */ = {isa = PBXBuildFile; fileRef = 767E715B2BC0AA4000B96A7A /* TripConfirmationViewController.swift */; };
		767E715E2BC0AA8E00B96A7A /* LoadPlaces.swift in Sources */ = {isa = PBXBuildFile; fileRef = 767E715D2BC0AA8E00B96A7A /* LoadPlaces.swift */; };
		767E71602BC0AAA500B96A7A /* LocationManager.swift in Sources */ = {isa = PBXBuildFile; fileRef = 767E715F2BC0AAA500B96A7A /* LocationManager.swift */; };
		767E71622BC0AABE00B96A7A /* MapAnnotationDelegate.swift in Sources */ = {isa = PBXBuildFile; fileRef = 767E71612BC0AABE00B96A7A /* MapAnnotationDelegate.swift */; };
		767E71642BC0AAD400B96A7A /* SearchTableViewManager.swift in Sources */ = {isa = PBXBuildFile; fileRef = 767E71632BC0AAD400B96A7A /* SearchTableViewManager.swift */; };
		767E71672BC0AB6100B96A7A /* ProfileViewController.swift in Sources */ = {isa = PBXBuildFile; fileRef = 767E71662BC0AB6100B96A7A /* ProfileViewController.swift */; };
		767E71692BC0AB6D00B96A7A /* EditProfileViewController.swift in Sources */ = {isa = PBXBuildFile; fileRef = 767E71682BC0AB6D00B96A7A /* EditProfileViewController.swift */; };
		767E716B2BC0AB8000B96A7A /* ProfileView.swift in Sources */ = {isa = PBXBuildFile; fileRef = 767E716A2BC0AB8000B96A7A /* ProfileView.swift */; };
		767E716D2BC0AB8E00B96A7A /* EditProfileView.swift in Sources */ = {isa = PBXBuildFile; fileRef = 767E716C2BC0AB8E00B96A7A /* EditProfileView.swift */; };
		767E71702BC0AC3600B96A7A /* TripDetailsViewController.swift in Sources */ = {isa = PBXBuildFile; fileRef = 767E716F2BC0AC3600B96A7A /* TripDetailsViewController.swift */; };
		767E71722BC0AC4900B96A7A /* TripDetailsView.swift in Sources */ = {isa = PBXBuildFile; fileRef = 767E71712BC0AC4900B96A7A /* TripDetailsView.swift */; };
		767E71742BC0AC5A00B96A7A /* CardView.swift in Sources */ = {isa = PBXBuildFile; fileRef = 767E71732BC0AC5A00B96A7A /* CardView.swift */; };
		76CBA4C02BC8B18600DCC245 /* DatabaseManager.swift in Sources */ = {isa = PBXBuildFile; fileRef = 76CBA4BF2BC8B18600DCC245 /* DatabaseManager.swift */; };
		76CBA4C22BC9F0DB00DCC245 /* Request.swift in Sources */ = {isa = PBXBuildFile; fileRef = 76CBA4C12BC9F0DB00DCC245 /* Request.swift */; };
		FC6EB9612BBB82C3002327C2 /* TabBarController.swift in Sources */ = {isa = PBXBuildFile; fileRef = FC6EB9602BBB82C3002327C2 /* TabBarController.swift */; };
		FC6EB9632BBB8A49002327C2 /* HomeViewController.swift in Sources */ = {isa = PBXBuildFile; fileRef = FC6EB9622BBB8A49002327C2 /* HomeViewController.swift */; };
		FC840C302B92B72200EC7B38 /* AppDelegate.swift in Sources */ = {isa = PBXBuildFile; fileRef = FC840C2F2B92B72200EC7B38 /* AppDelegate.swift */; };
		FC840C322B92B72200EC7B38 /* SceneDelegate.swift in Sources */ = {isa = PBXBuildFile; fileRef = FC840C312B92B72200EC7B38 /* SceneDelegate.swift */; };
		FC840C342B92B72200EC7B38 /* MainViewController.swift in Sources */ = {isa = PBXBuildFile; fileRef = FC840C332B92B72200EC7B38 /* MainViewController.swift */; };
		FC840C372B92B72200EC7B38 /* Main.storyboard in Resources */ = {isa = PBXBuildFile; fileRef = FC840C352B92B72200EC7B38 /* Main.storyboard */; };
		FC840C392B92B72300EC7B38 /* Assets.xcassets in Resources */ = {isa = PBXBuildFile; fileRef = FC840C382B92B72300EC7B38 /* Assets.xcassets */; };
		FC840C3C2B92B72300EC7B38 /* LaunchScreen.storyboard in Resources */ = {isa = PBXBuildFile; fileRef = FC840C3A2B92B72300EC7B38 /* LaunchScreen.storyboard */; };
		FC840C472B92B72300EC7B38 /* EduRideTests.swift in Sources */ = {isa = PBXBuildFile; fileRef = FC840C462B92B72300EC7B38 /* EduRideTests.swift */; };
		FC840C512B92B72300EC7B38 /* EduRideUITests.swift in Sources */ = {isa = PBXBuildFile; fileRef = FC840C502B92B72300EC7B38 /* EduRideUITests.swift */; };
		FC840C532B92B72300EC7B38 /* EduRideUITestsLaunchTests.swift in Sources */ = {isa = PBXBuildFile; fileRef = FC840C522B92B72300EC7B38 /* EduRideUITestsLaunchTests.swift */; };
		FCB8C4D12BC4CA73007FE672 /* Chat.swift in Sources */ = {isa = PBXBuildFile; fileRef = FCB8C4D02BC4CA73007FE672 /* Chat.swift */; };
		FCB8C4D62BC4CA85007FE672 /* ChatScreenView.swift in Sources */ = {isa = PBXBuildFile; fileRef = FCB8C4D22BC4CA85007FE672 /* ChatScreenView.swift */; };
		FCB8C4D72BC4CA85007FE672 /* ChatTableViewCell.swift in Sources */ = {isa = PBXBuildFile; fileRef = FCB8C4D32BC4CA85007FE672 /* ChatTableViewCell.swift */; };
		FCB8C4D82BC4CA85007FE672 /* ChatViewController.swift in Sources */ = {isa = PBXBuildFile; fileRef = FCB8C4D42BC4CA85007FE672 /* ChatViewController.swift */; };
		FCB8C4DD2BC4CAD6007FE672 /* SingleChatTableViewCell.swift in Sources */ = {isa = PBXBuildFile; fileRef = FCB8C4D92BC4CAD6007FE672 /* SingleChatTableViewCell.swift */; };
		FCB8C4DE2BC4CAD6007FE672 /* SingleChatView.swift in Sources */ = {isa = PBXBuildFile; fileRef = FCB8C4DA2BC4CAD6007FE672 /* SingleChatView.swift */; };
		FCB8C4DF2BC4CAD6007FE672 /* SingleChatViewController.swift in Sources */ = {isa = PBXBuildFile; fileRef = FCB8C4DB2BC4CAD6007FE672 /* SingleChatViewController.swift */; };
		FCBEC03A2BC5B74000228738 /* GoogleService-Info.plist in Resources */ = {isa = PBXBuildFile; fileRef = FCBEC0392BC5B74000228738 /* GoogleService-Info.plist */; };
/* End PBXBuildFile section */

/* Begin PBXContainerItemProxy section */
		FC840C432B92B72300EC7B38 /* PBXContainerItemProxy */ = {
			isa = PBXContainerItemProxy;
			containerPortal = FC840C242B92B72200EC7B38 /* Project object */;
			proxyType = 1;
			remoteGlobalIDString = FC840C2B2B92B72200EC7B38;
			remoteInfo = EduRide;
		};
		FC840C4D2B92B72300EC7B38 /* PBXContainerItemProxy */ = {
			isa = PBXContainerItemProxy;
			containerPortal = FC840C242B92B72200EC7B38 /* Project object */;
			proxyType = 1;
			remoteGlobalIDString = FC840C2B2B92B72200EC7B38;
			remoteInfo = EduRide;
		};
/* End PBXContainerItemProxy section */

/* Begin PBXFileReference section */
		382F27152BBC9A9500DB7315 /* MainScreenView.swift */ = {isa = PBXFileReference; lastKnownFileType = sourcecode.swift; path = MainScreenView.swift; sourceTree = "<group>"; };
		382F27182BBC9BA400DB7315 /* LoginScreenView.swift */ = {isa = PBXFileReference; lastKnownFileType = sourcecode.swift; path = LoginScreenView.swift; sourceTree = "<group>"; };
		382F271A2BBC9BB300DB7315 /* LoginScreenViewController.swift */ = {isa = PBXFileReference; lastKnownFileType = sourcecode.swift; path = LoginScreenViewController.swift; sourceTree = "<group>"; };
		767E71302BC0A5A800B96A7A /* RegisterView.swift */ = {isa = PBXFileReference; lastKnownFileType = sourcecode.swift; path = RegisterView.swift; sourceTree = "<group>"; };
		767E71322BC0A5B800B96A7A /* RegisterViewController.swift */ = {isa = PBXFileReference; lastKnownFileType = sourcecode.swift; path = RegisterViewController.swift; sourceTree = "<group>"; };
		767E71352BC0A77200B96A7A /* MyTripsViewController.swift */ = {isa = PBXFileReference; lastKnownFileType = sourcecode.swift; path = MyTripsViewController.swift; sourceTree = "<group>"; };
		767E71372BC0A78700B96A7A /* MyTripsView.swift */ = {isa = PBXFileReference; lastKnownFileType = sourcecode.swift; path = MyTripsView.swift; sourceTree = "<group>"; };
		767E713B2BC0A7C500B96A7A /* PendingRequestCardView.swift */ = {isa = PBXFileReference; lastKnownFileType = sourcecode.swift; path = PendingRequestCardView.swift; sourceTree = "<group>"; };
		767E713D2BC0A7D200B96A7A /* SentRequestCardView.swift */ = {isa = PBXFileReference; lastKnownFileType = sourcecode.swift; path = SentRequestCardView.swift; sourceTree = "<group>"; };
		767E71412BC0A8A700B96A7A /* FindTripView.swift */ = {isa = PBXFileReference; lastKnownFileType = sourcecode.swift; path = FindTripView.swift; sourceTree = "<group>"; };
		767E71432BC0A8B900B96A7A /* FindTripViewController.swift */ = {isa = PBXFileReference; lastKnownFileType = sourcecode.swift; path = FindTripViewController.swift; sourceTree = "<group>"; };
		767E71452BC0A8D100B96A7A /* TripCardView.swift */ = {isa = PBXFileReference; lastKnownFileType = sourcecode.swift; path = TripCardView.swift; sourceTree = "<group>"; };
		767E71472BC0A8E200B96A7A /* TripDetail.swift */ = {isa = PBXFileReference; lastKnownFileType = sourcecode.swift; path = TripDetail.swift; sourceTree = "<group>"; };
		767E714D2BC0A95700B96A7A /* Place.swift */ = {isa = PBXFileReference; lastKnownFileType = sourcecode.swift; path = Place.swift; sourceTree = "<group>"; };
		767E714F2BC0A96600B96A7A /* Trip.swift */ = {isa = PBXFileReference; lastKnownFileType = sourcecode.swift; path = Trip.swift; sourceTree = "<group>"; };
		767E71512BC0A97800B96A7A /* MapLocation.swift */ = {isa = PBXFileReference; lastKnownFileType = sourcecode.swift; path = MapLocation.swift; sourceTree = "<group>"; };
		767E71532BC0A9BA00B96A7A /* OfferTripView.swift */ = {isa = PBXFileReference; lastKnownFileType = sourcecode.swift; path = OfferTripView.swift; sourceTree = "<group>"; };
		767E71552BC0A9D200B96A7A /* SearchTableViewCell.swift */ = {isa = PBXFileReference; lastKnownFileType = sourcecode.swift; path = SearchTableViewCell.swift; sourceTree = "<group>"; };
		767E71572BC0A9ED00B96A7A /* TripConfirmationView.swift */ = {isa = PBXFileReference; lastKnownFileType = sourcecode.swift; path = TripConfirmationView.swift; sourceTree = "<group>"; };
		767E71592BC0AA2F00B96A7A /* OfferTripViewController.swift */ = {isa = PBXFileReference; lastKnownFileType = sourcecode.swift; path = OfferTripViewController.swift; sourceTree = "<group>"; };
		767E715B2BC0AA4000B96A7A /* TripConfirmationViewController.swift */ = {isa = PBXFileReference; lastKnownFileType = sourcecode.swift; path = TripConfirmationViewController.swift; sourceTree = "<group>"; };
		767E715D2BC0AA8E00B96A7A /* LoadPlaces.swift */ = {isa = PBXFileReference; lastKnownFileType = sourcecode.swift; path = LoadPlaces.swift; sourceTree = "<group>"; };
		767E715F2BC0AAA500B96A7A /* LocationManager.swift */ = {isa = PBXFileReference; lastKnownFileType = sourcecode.swift; path = LocationManager.swift; sourceTree = "<group>"; };
		767E71612BC0AABE00B96A7A /* MapAnnotationDelegate.swift */ = {isa = PBXFileReference; lastKnownFileType = sourcecode.swift; path = MapAnnotationDelegate.swift; sourceTree = "<group>"; };
		767E71632BC0AAD400B96A7A /* SearchTableViewManager.swift */ = {isa = PBXFileReference; lastKnownFileType = sourcecode.swift; path = SearchTableViewManager.swift; sourceTree = "<group>"; };
		767E71662BC0AB6100B96A7A /* ProfileViewController.swift */ = {isa = PBXFileReference; lastKnownFileType = sourcecode.swift; path = ProfileViewController.swift; sourceTree = "<group>"; };
		767E71682BC0AB6D00B96A7A /* EditProfileViewController.swift */ = {isa = PBXFileReference; lastKnownFileType = sourcecode.swift; path = EditProfileViewController.swift; sourceTree = "<group>"; };
		767E716A2BC0AB8000B96A7A /* ProfileView.swift */ = {isa = PBXFileReference; lastKnownFileType = sourcecode.swift; path = ProfileView.swift; sourceTree = "<group>"; };
		767E716C2BC0AB8E00B96A7A /* EditProfileView.swift */ = {isa = PBXFileReference; lastKnownFileType = sourcecode.swift; path = EditProfileView.swift; sourceTree = "<group>"; };
		767E716F2BC0AC3600B96A7A /* TripDetailsViewController.swift */ = {isa = PBXFileReference; lastKnownFileType = sourcecode.swift; path = TripDetailsViewController.swift; sourceTree = "<group>"; };
		767E71712BC0AC4900B96A7A /* TripDetailsView.swift */ = {isa = PBXFileReference; lastKnownFileType = sourcecode.swift; path = TripDetailsView.swift; sourceTree = "<group>"; };
		767E71732BC0AC5A00B96A7A /* CardView.swift */ = {isa = PBXFileReference; lastKnownFileType = sourcecode.swift; path = CardView.swift; sourceTree = "<group>"; };
		76CBA4BF2BC8B18600DCC245 /* DatabaseManager.swift */ = {isa = PBXFileReference; lastKnownFileType = sourcecode.swift; path = DatabaseManager.swift; sourceTree = "<group>"; };
		76CBA4C12BC9F0DB00DCC245 /* Request.swift */ = {isa = PBXFileReference; lastKnownFileType = sourcecode.swift; path = Request.swift; sourceTree = "<group>"; };
		FC6EB9602BBB82C3002327C2 /* TabBarController.swift */ = {isa = PBXFileReference; lastKnownFileType = sourcecode.swift; path = TabBarController.swift; sourceTree = "<group>"; };
		FC6EB9622BBB8A49002327C2 /* HomeViewController.swift */ = {isa = PBXFileReference; lastKnownFileType = sourcecode.swift; path = HomeViewController.swift; sourceTree = "<group>"; };
		FC840C2C2B92B72200EC7B38 /* EduRide.app */ = {isa = PBXFileReference; explicitFileType = wrapper.application; includeInIndex = 0; path = EduRide.app; sourceTree = BUILT_PRODUCTS_DIR; };
		FC840C2F2B92B72200EC7B38 /* AppDelegate.swift */ = {isa = PBXFileReference; lastKnownFileType = sourcecode.swift; path = AppDelegate.swift; sourceTree = "<group>"; };
		FC840C312B92B72200EC7B38 /* SceneDelegate.swift */ = {isa = PBXFileReference; lastKnownFileType = sourcecode.swift; path = SceneDelegate.swift; sourceTree = "<group>"; };
		FC840C332B92B72200EC7B38 /* MainViewController.swift */ = {isa = PBXFileReference; lastKnownFileType = sourcecode.swift; path = MainViewController.swift; sourceTree = "<group>"; };
		FC840C362B92B72200EC7B38 /* Base */ = {isa = PBXFileReference; lastKnownFileType = file.storyboard; name = Base; path = Base.lproj/Main.storyboard; sourceTree = "<group>"; };
		FC840C382B92B72300EC7B38 /* Assets.xcassets */ = {isa = PBXFileReference; lastKnownFileType = folder.assetcatalog; path = Assets.xcassets; sourceTree = "<group>"; };
		FC840C3B2B92B72300EC7B38 /* Base */ = {isa = PBXFileReference; lastKnownFileType = file.storyboard; name = Base; path = Base.lproj/LaunchScreen.storyboard; sourceTree = "<group>"; };
		FC840C3D2B92B72300EC7B38 /* Info.plist */ = {isa = PBXFileReference; lastKnownFileType = text.plist.xml; path = Info.plist; sourceTree = "<group>"; };
		FC840C422B92B72300EC7B38 /* EduRideTests.xctest */ = {isa = PBXFileReference; explicitFileType = wrapper.cfbundle; includeInIndex = 0; path = EduRideTests.xctest; sourceTree = BUILT_PRODUCTS_DIR; };
		FC840C462B92B72300EC7B38 /* EduRideTests.swift */ = {isa = PBXFileReference; lastKnownFileType = sourcecode.swift; path = EduRideTests.swift; sourceTree = "<group>"; };
		FC840C4C2B92B72300EC7B38 /* EduRideUITests.xctest */ = {isa = PBXFileReference; explicitFileType = wrapper.cfbundle; includeInIndex = 0; path = EduRideUITests.xctest; sourceTree = BUILT_PRODUCTS_DIR; };
		FC840C502B92B72300EC7B38 /* EduRideUITests.swift */ = {isa = PBXFileReference; lastKnownFileType = sourcecode.swift; path = EduRideUITests.swift; sourceTree = "<group>"; };
		FC840C522B92B72300EC7B38 /* EduRideUITestsLaunchTests.swift */ = {isa = PBXFileReference; lastKnownFileType = sourcecode.swift; path = EduRideUITestsLaunchTests.swift; sourceTree = "<group>"; };
		FCB8C4D02BC4CA73007FE672 /* Chat.swift */ = {isa = PBXFileReference; fileEncoding = 4; lastKnownFileType = sourcecode.swift; path = Chat.swift; sourceTree = "<group>"; };
		FCB8C4D22BC4CA85007FE672 /* ChatScreenView.swift */ = {isa = PBXFileReference; fileEncoding = 4; lastKnownFileType = sourcecode.swift; path = ChatScreenView.swift; sourceTree = "<group>"; };
		FCB8C4D32BC4CA85007FE672 /* ChatTableViewCell.swift */ = {isa = PBXFileReference; fileEncoding = 4; lastKnownFileType = sourcecode.swift; path = ChatTableViewCell.swift; sourceTree = "<group>"; };
		FCB8C4D42BC4CA85007FE672 /* ChatViewController.swift */ = {isa = PBXFileReference; fileEncoding = 4; lastKnownFileType = sourcecode.swift; path = ChatViewController.swift; sourceTree = "<group>"; };
		FCB8C4D92BC4CAD6007FE672 /* SingleChatTableViewCell.swift */ = {isa = PBXFileReference; fileEncoding = 4; lastKnownFileType = sourcecode.swift; path = SingleChatTableViewCell.swift; sourceTree = "<group>"; };
		FCB8C4DA2BC4CAD6007FE672 /* SingleChatView.swift */ = {isa = PBXFileReference; fileEncoding = 4; lastKnownFileType = sourcecode.swift; path = SingleChatView.swift; sourceTree = "<group>"; };
		FCB8C4DB2BC4CAD6007FE672 /* SingleChatViewController.swift */ = {isa = PBXFileReference; fileEncoding = 4; lastKnownFileType = sourcecode.swift; path = SingleChatViewController.swift; sourceTree = "<group>"; };
		FCBEC0392BC5B74000228738 /* GoogleService-Info.plist */ = {isa = PBXFileReference; fileEncoding = 4; lastKnownFileType = text.plist.xml; path = "GoogleService-Info.plist"; sourceTree = "<group>"; };
/* End PBXFileReference section */

/* Begin PBXFrameworksBuildPhase section */
		FC840C292B92B72200EC7B38 /* Frameworks */ = {
			isa = PBXFrameworksBuildPhase;
			buildActionMask = 2147483647;
			files = (
				708A52252BC5A857004DC3BF /* FirebaseAuth in Frameworks */,
				708A522B2BC5A857004DC3BF /* FirebaseStorage in Frameworks */,
				708A52272BC5A857004DC3BF /* FirebaseFirestore in Frameworks */,
				708A52292BC5A857004DC3BF /* FirebaseFirestoreSwift in Frameworks */,
			);
			runOnlyForDeploymentPostprocessing = 0;
		};
		FC840C3F2B92B72300EC7B38 /* Frameworks */ = {
			isa = PBXFrameworksBuildPhase;
			buildActionMask = 2147483647;
			files = (
			);
			runOnlyForDeploymentPostprocessing = 0;
		};
		FC840C492B92B72300EC7B38 /* Frameworks */ = {
			isa = PBXFrameworksBuildPhase;
			buildActionMask = 2147483647;
			files = (
			);
			runOnlyForDeploymentPostprocessing = 0;
		};
/* End PBXFrameworksBuildPhase section */

/* Begin PBXGroup section */
		382F27172BBC9ADE00DB7315 /* MainScreen */ = {
			isa = PBXGroup;
			children = (
				FC840C332B92B72200EC7B38 /* MainViewController.swift */,
				382F27152BBC9A9500DB7315 /* MainScreenView.swift */,
			);
			path = MainScreen;
			sourceTree = "<group>";
		};
		382F271C2BBC9BBA00DB7315 /* LoginScreen */ = {
			isa = PBXGroup;
			children = (
				382F271A2BBC9BB300DB7315 /* LoginScreenViewController.swift */,
				382F27182BBC9BA400DB7315 /* LoginScreenView.swift */,
			);
			path = LoginScreen;
			sourceTree = "<group>";
		};
		767E712F2BC0A59100B96A7A /* Register */ = {
			isa = PBXGroup;
			children = (
				767E71302BC0A5A800B96A7A /* RegisterView.swift */,
				767E71322BC0A5B800B96A7A /* RegisterViewController.swift */,
			);
			path = Register;
			sourceTree = "<group>";
		};
		767E71342BC0A74C00B96A7A /* MyTrips */ = {
			isa = PBXGroup;
			children = (
				767E71352BC0A77200B96A7A /* MyTripsViewController.swift */,
				767E71372BC0A78700B96A7A /* MyTripsView.swift */,
				767E713B2BC0A7C500B96A7A /* PendingRequestCardView.swift */,
				767E713D2BC0A7D200B96A7A /* SentRequestCardView.swift */,
			);
			path = MyTrips;
			sourceTree = "<group>";
		};
		767E713F2BC0A84900B96A7A /* NewTrip */ = {
			isa = PBXGroup;
			children = (
				767E714C2BC0A94400B96A7A /* Controller */,
				767E714A2BC0A93600B96A7A /* View */,
				767E71492BC0A93000B96A7A /* Model */,
				767E715D2BC0AA8E00B96A7A /* LoadPlaces.swift */,
				767E715F2BC0AAA500B96A7A /* LocationManager.swift */,
				767E71612BC0AABE00B96A7A /* MapAnnotationDelegate.swift */,
				767E71632BC0AAD400B96A7A /* SearchTableViewManager.swift */,
				76CBA4BF2BC8B18600DCC245 /* DatabaseManager.swift */,
			);
			path = NewTrip;
			sourceTree = "<group>";
		};
		767E71402BC0A85600B96A7A /* FindTrip */ = {
			isa = PBXGroup;
			children = (
				767E71412BC0A8A700B96A7A /* FindTripView.swift */,
				767E71432BC0A8B900B96A7A /* FindTripViewController.swift */,
				767E71452BC0A8D100B96A7A /* TripCardView.swift */,
				767E71472BC0A8E200B96A7A /* TripDetail.swift */,
				76CBA4C12BC9F0DB00DCC245 /* Request.swift */,
			);
			path = FindTrip;
			sourceTree = "<group>";
		};
		767E71492BC0A93000B96A7A /* Model */ = {
			isa = PBXGroup;
			children = (
				767E714D2BC0A95700B96A7A /* Place.swift */,
				767E714F2BC0A96600B96A7A /* Trip.swift */,
				767E71512BC0A97800B96A7A /* MapLocation.swift */,
			);
			path = Model;
			sourceTree = "<group>";
		};
		767E714A2BC0A93600B96A7A /* View */ = {
			isa = PBXGroup;
			children = (
				767E71532BC0A9BA00B96A7A /* OfferTripView.swift */,
				767E71552BC0A9D200B96A7A /* SearchTableViewCell.swift */,
				767E71572BC0A9ED00B96A7A /* TripConfirmationView.swift */,
			);
			path = View;
			sourceTree = "<group>";
		};
		767E714C2BC0A94400B96A7A /* Controller */ = {
			isa = PBXGroup;
			children = (
				767E71592BC0AA2F00B96A7A /* OfferTripViewController.swift */,
				767E715B2BC0AA4000B96A7A /* TripConfirmationViewController.swift */,
			);
			path = Controller;
			sourceTree = "<group>";
		};
		767E71652BC0AB4A00B96A7A /* Profile */ = {
			isa = PBXGroup;
			children = (
				767E71662BC0AB6100B96A7A /* ProfileViewController.swift */,
				767E71682BC0AB6D00B96A7A /* EditProfileViewController.swift */,
				767E716A2BC0AB8000B96A7A /* ProfileView.swift */,
				767E716C2BC0AB8E00B96A7A /* EditProfileView.swift */,
			);
			path = Profile;
			sourceTree = "<group>";
		};
		767E716E2BC0AC1E00B96A7A /* TripDetails */ = {
			isa = PBXGroup;
			children = (
				767E716F2BC0AC3600B96A7A /* TripDetailsViewController.swift */,
				767E71712BC0AC4900B96A7A /* TripDetailsView.swift */,
				767E71732BC0AC5A00B96A7A /* CardView.swift */,
			);
			path = TripDetails;
			sourceTree = "<group>";
		};
		FC840C232B92B72200EC7B38 = {
			isa = PBXGroup;
			children = (
				FC840C2E2B92B72200EC7B38 /* EduRide */,
				FC840C452B92B72300EC7B38 /* EduRideTests */,
				FC840C4F2B92B72300EC7B38 /* EduRideUITests */,
				FC840C2D2B92B72200EC7B38 /* Products */,
			);
			sourceTree = "<group>";
		};
		FC840C2D2B92B72200EC7B38 /* Products */ = {
			isa = PBXGroup;
			children = (
				FC840C2C2B92B72200EC7B38 /* EduRide.app */,
				FC840C422B92B72300EC7B38 /* EduRideTests.xctest */,
				FC840C4C2B92B72300EC7B38 /* EduRideUITests.xctest */,
			);
			name = Products;
			sourceTree = "<group>";
		};
		FC840C2E2B92B72200EC7B38 /* EduRide */ = {
			isa = PBXGroup;
			children = (
				767E716E2BC0AC1E00B96A7A /* TripDetails */,
				767E71652BC0AB4A00B96A7A /* Profile */,
				767E71402BC0A85600B96A7A /* FindTrip */,
				767E713F2BC0A84900B96A7A /* NewTrip */,
				767E71342BC0A74C00B96A7A /* MyTrips */,
				767E712F2BC0A59100B96A7A /* Register */,
				382F271C2BBC9BBA00DB7315 /* LoginScreen */,
				382F27172BBC9ADE00DB7315 /* MainScreen */,
				FCB8C4D52BC4CA85007FE672 /* ChatView */,
				FCB8C4DC2BC4CAD6007FE672 /* SingleChatView */,
				FCB8C4D02BC4CA73007FE672 /* Chat.swift */,
				FC6EB9622BBB8A49002327C2 /* HomeViewController.swift */,
				FC6EB9602BBB82C3002327C2 /* TabBarController.swift */,
				FC840C2F2B92B72200EC7B38 /* AppDelegate.swift */,
				FC840C312B92B72200EC7B38 /* SceneDelegate.swift */,
				FC840C352B92B72200EC7B38 /* Main.storyboard */,
				FC840C382B92B72300EC7B38 /* Assets.xcassets */,
				FC840C3A2B92B72300EC7B38 /* LaunchScreen.storyboard */,
				FC840C3D2B92B72300EC7B38 /* Info.plist */,
				FCBEC0392BC5B74000228738 /* GoogleService-Info.plist */,
			);
			path = EduRide;
			sourceTree = "<group>";
		};
		FC840C452B92B72300EC7B38 /* EduRideTests */ = {
			isa = PBXGroup;
			children = (
				FC840C462B92B72300EC7B38 /* EduRideTests.swift */,
			);
			path = EduRideTests;
			sourceTree = "<group>";
		};
		FC840C4F2B92B72300EC7B38 /* EduRideUITests */ = {
			isa = PBXGroup;
			children = (
				FC840C502B92B72300EC7B38 /* EduRideUITests.swift */,
				FC840C522B92B72300EC7B38 /* EduRideUITestsLaunchTests.swift */,
			);
			path = EduRideUITests;
			sourceTree = "<group>";
		};
		FCB8C4D52BC4CA85007FE672 /* ChatView */ = {
			isa = PBXGroup;
			children = (
				FCB8C4D22BC4CA85007FE672 /* ChatScreenView.swift */,
				FCB8C4D32BC4CA85007FE672 /* ChatTableViewCell.swift */,
				FCB8C4D42BC4CA85007FE672 /* ChatViewController.swift */,
			);
			path = ChatView;
			sourceTree = "<group>";
		};
		FCB8C4DC2BC4CAD6007FE672 /* SingleChatView */ = {
			isa = PBXGroup;
			children = (
				FCB8C4D92BC4CAD6007FE672 /* SingleChatTableViewCell.swift */,
				FCB8C4DA2BC4CAD6007FE672 /* SingleChatView.swift */,
				FCB8C4DB2BC4CAD6007FE672 /* SingleChatViewController.swift */,
			);
			path = SingleChatView;
			sourceTree = "<group>";
		};
/* End PBXGroup section */

/* Begin PBXNativeTarget section */
		FC840C2B2B92B72200EC7B38 /* EduRide */ = {
			isa = PBXNativeTarget;
			buildConfigurationList = FC840C562B92B72300EC7B38 /* Build configuration list for PBXNativeTarget "EduRide" */;
			buildPhases = (
				FC840C282B92B72200EC7B38 /* Sources */,
				FC840C292B92B72200EC7B38 /* Frameworks */,
				FC840C2A2B92B72200EC7B38 /* Resources */,
			);
			buildRules = (
			);
			dependencies = (
			);
			name = EduRide;
			packageProductDependencies = (
				708A52242BC5A857004DC3BF /* FirebaseAuth */,
				708A52262BC5A857004DC3BF /* FirebaseFirestore */,
				708A52282BC5A857004DC3BF /* FirebaseFirestoreSwift */,
				708A522A2BC5A857004DC3BF /* FirebaseStorage */,
			);
			productName = EduRide;
			productReference = FC840C2C2B92B72200EC7B38 /* EduRide.app */;
			productType = "com.apple.product-type.application";
		};
		FC840C412B92B72300EC7B38 /* EduRideTests */ = {
			isa = PBXNativeTarget;
			buildConfigurationList = FC840C592B92B72300EC7B38 /* Build configuration list for PBXNativeTarget "EduRideTests" */;
			buildPhases = (
				FC840C3E2B92B72300EC7B38 /* Sources */,
				FC840C3F2B92B72300EC7B38 /* Frameworks */,
				FC840C402B92B72300EC7B38 /* Resources */,
			);
			buildRules = (
			);
			dependencies = (
				FC840C442B92B72300EC7B38 /* PBXTargetDependency */,
			);
			name = EduRideTests;
			productName = EduRideTests;
			productReference = FC840C422B92B72300EC7B38 /* EduRideTests.xctest */;
			productType = "com.apple.product-type.bundle.unit-test";
		};
		FC840C4B2B92B72300EC7B38 /* EduRideUITests */ = {
			isa = PBXNativeTarget;
			buildConfigurationList = FC840C5C2B92B72300EC7B38 /* Build configuration list for PBXNativeTarget "EduRideUITests" */;
			buildPhases = (
				FC840C482B92B72300EC7B38 /* Sources */,
				FC840C492B92B72300EC7B38 /* Frameworks */,
				FC840C4A2B92B72300EC7B38 /* Resources */,
			);
			buildRules = (
			);
			dependencies = (
				FC840C4E2B92B72300EC7B38 /* PBXTargetDependency */,
			);
			name = EduRideUITests;
			productName = EduRideUITests;
			productReference = FC840C4C2B92B72300EC7B38 /* EduRideUITests.xctest */;
			productType = "com.apple.product-type.bundle.ui-testing";
		};
/* End PBXNativeTarget section */

/* Begin PBXProject section */
		FC840C242B92B72200EC7B38 /* Project object */ = {
			isa = PBXProject;
			attributes = {
				BuildIndependentTargetsInParallel = 1;
				LastSwiftUpdateCheck = 1520;
				LastUpgradeCheck = 1520;
				TargetAttributes = {
					FC840C2B2B92B72200EC7B38 = {
						CreatedOnToolsVersion = 15.2;
					};
					FC840C412B92B72300EC7B38 = {
						CreatedOnToolsVersion = 15.2;
						TestTargetID = FC840C2B2B92B72200EC7B38;
					};
					FC840C4B2B92B72300EC7B38 = {
						CreatedOnToolsVersion = 15.2;
						TestTargetID = FC840C2B2B92B72200EC7B38;
					};
				};
			};
			buildConfigurationList = FC840C272B92B72200EC7B38 /* Build configuration list for PBXProject "EduRide" */;
			compatibilityVersion = "Xcode 14.0";
			developmentRegion = en;
			hasScannedForEncodings = 0;
			knownRegions = (
				en,
				Base,
			);
			mainGroup = FC840C232B92B72200EC7B38;
			packageReferences = (
				708A52232BC5A857004DC3BF /* XCRemoteSwiftPackageReference "firebase-ios-sdk" */,
			);
			productRefGroup = FC840C2D2B92B72200EC7B38 /* Products */;
			projectDirPath = "";
			projectRoot = "";
			targets = (
				FC840C2B2B92B72200EC7B38 /* EduRide */,
				FC840C412B92B72300EC7B38 /* EduRideTests */,
				FC840C4B2B92B72300EC7B38 /* EduRideUITests */,
			);
		};
/* End PBXProject section */

/* Begin PBXResourcesBuildPhase section */
		FC840C2A2B92B72200EC7B38 /* Resources */ = {
			isa = PBXResourcesBuildPhase;
			buildActionMask = 2147483647;
			files = (
				FC840C3C2B92B72300EC7B38 /* LaunchScreen.storyboard in Resources */,
				FCBEC03A2BC5B74000228738 /* GoogleService-Info.plist in Resources */,
				FC840C392B92B72300EC7B38 /* Assets.xcassets in Resources */,
				FC840C372B92B72200EC7B38 /* Main.storyboard in Resources */,
			);
			runOnlyForDeploymentPostprocessing = 0;
		};
		FC840C402B92B72300EC7B38 /* Resources */ = {
			isa = PBXResourcesBuildPhase;
			buildActionMask = 2147483647;
			files = (
			);
			runOnlyForDeploymentPostprocessing = 0;
		};
		FC840C4A2B92B72300EC7B38 /* Resources */ = {
			isa = PBXResourcesBuildPhase;
			buildActionMask = 2147483647;
			files = (
			);
			runOnlyForDeploymentPostprocessing = 0;
		};
/* End PBXResourcesBuildPhase section */

/* Begin PBXSourcesBuildPhase section */
		FC840C282B92B72200EC7B38 /* Sources */ = {
			isa = PBXSourcesBuildPhase;
			buildActionMask = 2147483647;
			files = (
				767E71502BC0A96600B96A7A /* Trip.swift in Sources */,
				767E71312BC0A5A800B96A7A /* RegisterView.swift in Sources */,
				767E71602BC0AAA500B96A7A /* LocationManager.swift in Sources */,
				767E71382BC0A78700B96A7A /* MyTripsView.swift in Sources */,
				382F271B2BBC9BB300DB7315 /* LoginScreenViewController.swift in Sources */,
				382F27192BBC9BA400DB7315 /* LoginScreenView.swift in Sources */,
				767E71672BC0AB6100B96A7A /* ProfileViewController.swift in Sources */,
				FCB8C4D72BC4CA85007FE672 /* ChatTableViewCell.swift in Sources */,
				767E71422BC0A8A700B96A7A /* FindTripView.swift in Sources */,
				767E71582BC0A9ED00B96A7A /* TripConfirmationView.swift in Sources */,
				FCB8C4DF2BC4CAD6007FE672 /* SingleChatViewController.swift in Sources */,
				FCB8C4D82BC4CA85007FE672 /* ChatViewController.swift in Sources */,
				FCB8C4DE2BC4CAD6007FE672 /* SingleChatView.swift in Sources */,
				767E71332BC0A5B800B96A7A /* RegisterViewController.swift in Sources */,
				767E71692BC0AB6D00B96A7A /* EditProfileViewController.swift in Sources */,
				767E71462BC0A8D100B96A7A /* TripCardView.swift in Sources */,
				767E716B2BC0AB8000B96A7A /* ProfileView.swift in Sources */,
				76CBA4C02BC8B18600DCC245 /* DatabaseManager.swift in Sources */,
				FCB8C4D12BC4CA73007FE672 /* Chat.swift in Sources */,
				767E713C2BC0A7C500B96A7A /* PendingRequestCardView.swift in Sources */,
				767E71642BC0AAD400B96A7A /* SearchTableViewManager.swift in Sources */,
				767E715E2BC0AA8E00B96A7A /* LoadPlaces.swift in Sources */,
				FC840C342B92B72200EC7B38 /* MainViewController.swift in Sources */,
				767E715A2BC0AA2F00B96A7A /* OfferTripViewController.swift in Sources */,
				767E716D2BC0AB8E00B96A7A /* EditProfileView.swift in Sources */,
				767E71542BC0A9BA00B96A7A /* OfferTripView.swift in Sources */,
				767E71482BC0A8E200B96A7A /* TripDetail.swift in Sources */,
				767E715C2BC0AA4000B96A7A /* TripConfirmationViewController.swift in Sources */,
				FC840C302B92B72200EC7B38 /* AppDelegate.swift in Sources */,
				767E714E2BC0A95700B96A7A /* Place.swift in Sources */,
				FC6EB9612BBB82C3002327C2 /* TabBarController.swift in Sources */,
				76CBA4C22BC9F0DB00DCC245 /* Request.swift in Sources */,
				FCB8C4D62BC4CA85007FE672 /* ChatScreenView.swift in Sources */,
				382F27162BBC9A9500DB7315 /* MainScreenView.swift in Sources */,
				767E71742BC0AC5A00B96A7A /* CardView.swift in Sources */,
				767E71722BC0AC4900B96A7A /* TripDetailsView.swift in Sources */,
				767E71702BC0AC3600B96A7A /* TripDetailsViewController.swift in Sources */,
				767E71622BC0AABE00B96A7A /* MapAnnotationDelegate.swift in Sources */,
				767E713E2BC0A7D200B96A7A /* SentRequestCardView.swift in Sources */,
				767E71562BC0A9D200B96A7A /* SearchTableViewCell.swift in Sources */,
				FC6EB9632BBB8A49002327C2 /* HomeViewController.swift in Sources */,
				FC840C322B92B72200EC7B38 /* SceneDelegate.swift in Sources */,
				767E71442BC0A8B900B96A7A /* FindTripViewController.swift in Sources */,
				767E71522BC0A97800B96A7A /* MapLocation.swift in Sources */,
				767E71362BC0A77200B96A7A /* MyTripsViewController.swift in Sources */,
				FCB8C4DD2BC4CAD6007FE672 /* SingleChatTableViewCell.swift in Sources */,
			);
			runOnlyForDeploymentPostprocessing = 0;
		};
		FC840C3E2B92B72300EC7B38 /* Sources */ = {
			isa = PBXSourcesBuildPhase;
			buildActionMask = 2147483647;
			files = (
				FC840C472B92B72300EC7B38 /* EduRideTests.swift in Sources */,
			);
			runOnlyForDeploymentPostprocessing = 0;
		};
		FC840C482B92B72300EC7B38 /* Sources */ = {
			isa = PBXSourcesBuildPhase;
			buildActionMask = 2147483647;
			files = (
				FC840C512B92B72300EC7B38 /* EduRideUITests.swift in Sources */,
				FC840C532B92B72300EC7B38 /* EduRideUITestsLaunchTests.swift in Sources */,
			);
			runOnlyForDeploymentPostprocessing = 0;
		};
/* End PBXSourcesBuildPhase section */

/* Begin PBXTargetDependency section */
		FC840C442B92B72300EC7B38 /* PBXTargetDependency */ = {
			isa = PBXTargetDependency;
			target = FC840C2B2B92B72200EC7B38 /* EduRide */;
			targetProxy = FC840C432B92B72300EC7B38 /* PBXContainerItemProxy */;
		};
		FC840C4E2B92B72300EC7B38 /* PBXTargetDependency */ = {
			isa = PBXTargetDependency;
			target = FC840C2B2B92B72200EC7B38 /* EduRide */;
			targetProxy = FC840C4D2B92B72300EC7B38 /* PBXContainerItemProxy */;
		};
/* End PBXTargetDependency section */

/* Begin PBXVariantGroup section */
		FC840C352B92B72200EC7B38 /* Main.storyboard */ = {
			isa = PBXVariantGroup;
			children = (
				FC840C362B92B72200EC7B38 /* Base */,
			);
			name = Main.storyboard;
			sourceTree = "<group>";
		};
		FC840C3A2B92B72300EC7B38 /* LaunchScreen.storyboard */ = {
			isa = PBXVariantGroup;
			children = (
				FC840C3B2B92B72300EC7B38 /* Base */,
			);
			name = LaunchScreen.storyboard;
			sourceTree = "<group>";
		};
/* End PBXVariantGroup section */

/* Begin XCBuildConfiguration section */
		FC840C542B92B72300EC7B38 /* Debug */ = {
			isa = XCBuildConfiguration;
			buildSettings = {
				ALWAYS_SEARCH_USER_PATHS = NO;
				ASSETCATALOG_COMPILER_GENERATE_SWIFT_ASSET_SYMBOL_EXTENSIONS = YES;
				CLANG_ANALYZER_NONNULL = YES;
				CLANG_ANALYZER_NUMBER_OBJECT_CONVERSION = YES_AGGRESSIVE;
				CLANG_CXX_LANGUAGE_STANDARD = "gnu++20";
				CLANG_ENABLE_MODULES = YES;
				CLANG_ENABLE_OBJC_ARC = YES;
				CLANG_ENABLE_OBJC_WEAK = YES;
				CLANG_WARN_BLOCK_CAPTURE_AUTORELEASING = YES;
				CLANG_WARN_BOOL_CONVERSION = YES;
				CLANG_WARN_COMMA = YES;
				CLANG_WARN_CONSTANT_CONVERSION = YES;
				CLANG_WARN_DEPRECATED_OBJC_IMPLEMENTATIONS = YES;
				CLANG_WARN_DIRECT_OBJC_ISA_USAGE = YES_ERROR;
				CLANG_WARN_DOCUMENTATION_COMMENTS = YES;
				CLANG_WARN_EMPTY_BODY = YES;
				CLANG_WARN_ENUM_CONVERSION = YES;
				CLANG_WARN_INFINITE_RECURSION = YES;
				CLANG_WARN_INT_CONVERSION = YES;
				CLANG_WARN_NON_LITERAL_NULL_CONVERSION = YES;
				CLANG_WARN_OBJC_IMPLICIT_RETAIN_SELF = YES;
				CLANG_WARN_OBJC_LITERAL_CONVERSION = YES;
				CLANG_WARN_OBJC_ROOT_CLASS = YES_ERROR;
				CLANG_WARN_QUOTED_INCLUDE_IN_FRAMEWORK_HEADER = YES;
				CLANG_WARN_RANGE_LOOP_ANALYSIS = YES;
				CLANG_WARN_STRICT_PROTOTYPES = YES;
				CLANG_WARN_SUSPICIOUS_MOVE = YES;
				CLANG_WARN_UNGUARDED_AVAILABILITY = YES_AGGRESSIVE;
				CLANG_WARN_UNREACHABLE_CODE = YES;
				CLANG_WARN__DUPLICATE_METHOD_MATCH = YES;
				COPY_PHASE_STRIP = NO;
				DEBUG_INFORMATION_FORMAT = dwarf;
				ENABLE_STRICT_OBJC_MSGSEND = YES;
				ENABLE_TESTABILITY = YES;
				ENABLE_USER_SCRIPT_SANDBOXING = YES;
				GCC_C_LANGUAGE_STANDARD = gnu17;
				GCC_DYNAMIC_NO_PIC = NO;
				GCC_NO_COMMON_BLOCKS = YES;
				GCC_OPTIMIZATION_LEVEL = 0;
				GCC_PREPROCESSOR_DEFINITIONS = (
					"DEBUG=1",
					"$(inherited)",
				);
				GCC_WARN_64_TO_32_BIT_CONVERSION = YES;
				GCC_WARN_ABOUT_RETURN_TYPE = YES_ERROR;
				GCC_WARN_UNDECLARED_SELECTOR = YES;
				GCC_WARN_UNINITIALIZED_AUTOS = YES_AGGRESSIVE;
				GCC_WARN_UNUSED_FUNCTION = YES;
				GCC_WARN_UNUSED_VARIABLE = YES;
				IPHONEOS_DEPLOYMENT_TARGET = 17.2;
				LOCALIZATION_PREFERS_STRING_CATALOGS = YES;
				MTL_ENABLE_DEBUG_INFO = INCLUDE_SOURCE;
				MTL_FAST_MATH = YES;
				ONLY_ACTIVE_ARCH = YES;
				SDKROOT = iphoneos;
				SWIFT_ACTIVE_COMPILATION_CONDITIONS = "DEBUG $(inherited)";
				SWIFT_OPTIMIZATION_LEVEL = "-Onone";
			};
			name = Debug;
		};
		FC840C552B92B72300EC7B38 /* Release */ = {
			isa = XCBuildConfiguration;
			buildSettings = {
				ALWAYS_SEARCH_USER_PATHS = NO;
				ASSETCATALOG_COMPILER_GENERATE_SWIFT_ASSET_SYMBOL_EXTENSIONS = YES;
				CLANG_ANALYZER_NONNULL = YES;
				CLANG_ANALYZER_NUMBER_OBJECT_CONVERSION = YES_AGGRESSIVE;
				CLANG_CXX_LANGUAGE_STANDARD = "gnu++20";
				CLANG_ENABLE_MODULES = YES;
				CLANG_ENABLE_OBJC_ARC = YES;
				CLANG_ENABLE_OBJC_WEAK = YES;
				CLANG_WARN_BLOCK_CAPTURE_AUTORELEASING = YES;
				CLANG_WARN_BOOL_CONVERSION = YES;
				CLANG_WARN_COMMA = YES;
				CLANG_WARN_CONSTANT_CONVERSION = YES;
				CLANG_WARN_DEPRECATED_OBJC_IMPLEMENTATIONS = YES;
				CLANG_WARN_DIRECT_OBJC_ISA_USAGE = YES_ERROR;
				CLANG_WARN_DOCUMENTATION_COMMENTS = YES;
				CLANG_WARN_EMPTY_BODY = YES;
				CLANG_WARN_ENUM_CONVERSION = YES;
				CLANG_WARN_INFINITE_RECURSION = YES;
				CLANG_WARN_INT_CONVERSION = YES;
				CLANG_WARN_NON_LITERAL_NULL_CONVERSION = YES;
				CLANG_WARN_OBJC_IMPLICIT_RETAIN_SELF = YES;
				CLANG_WARN_OBJC_LITERAL_CONVERSION = YES;
				CLANG_WARN_OBJC_ROOT_CLASS = YES_ERROR;
				CLANG_WARN_QUOTED_INCLUDE_IN_FRAMEWORK_HEADER = YES;
				CLANG_WARN_RANGE_LOOP_ANALYSIS = YES;
				CLANG_WARN_STRICT_PROTOTYPES = YES;
				CLANG_WARN_SUSPICIOUS_MOVE = YES;
				CLANG_WARN_UNGUARDED_AVAILABILITY = YES_AGGRESSIVE;
				CLANG_WARN_UNREACHABLE_CODE = YES;
				CLANG_WARN__DUPLICATE_METHOD_MATCH = YES;
				COPY_PHASE_STRIP = NO;
				DEBUG_INFORMATION_FORMAT = "dwarf-with-dsym";
				ENABLE_NS_ASSERTIONS = NO;
				ENABLE_STRICT_OBJC_MSGSEND = YES;
				ENABLE_USER_SCRIPT_SANDBOXING = YES;
				GCC_C_LANGUAGE_STANDARD = gnu17;
				GCC_NO_COMMON_BLOCKS = YES;
				GCC_WARN_64_TO_32_BIT_CONVERSION = YES;
				GCC_WARN_ABOUT_RETURN_TYPE = YES_ERROR;
				GCC_WARN_UNDECLARED_SELECTOR = YES;
				GCC_WARN_UNINITIALIZED_AUTOS = YES_AGGRESSIVE;
				GCC_WARN_UNUSED_FUNCTION = YES;
				GCC_WARN_UNUSED_VARIABLE = YES;
				IPHONEOS_DEPLOYMENT_TARGET = 17.2;
				LOCALIZATION_PREFERS_STRING_CATALOGS = YES;
				MTL_ENABLE_DEBUG_INFO = NO;
				MTL_FAST_MATH = YES;
				SDKROOT = iphoneos;
				SWIFT_COMPILATION_MODE = wholemodule;
				VALIDATE_PRODUCT = YES;
			};
			name = Release;
		};
		FC840C572B92B72300EC7B38 /* Debug */ = {
			isa = XCBuildConfiguration;
			buildSettings = {
				ASSETCATALOG_COMPILER_APPICON_NAME = AppIcon;
				ASSETCATALOG_COMPILER_GLOBAL_ACCENT_COLOR_NAME = AccentColor;
				CODE_SIGN_STYLE = Automatic;
				CURRENT_PROJECT_VERSION = 1;
				GENERATE_INFOPLIST_FILE = YES;
				INFOPLIST_FILE = EduRide/Info.plist;
				INFOPLIST_KEY_UIApplicationSupportsIndirectInputEvents = YES;
				INFOPLIST_KEY_UILaunchStoryboardName = LaunchScreen;
				INFOPLIST_KEY_UIMainStoryboardFile = Main;
				INFOPLIST_KEY_UISupportedInterfaceOrientations_iPad = "UIInterfaceOrientationPortrait UIInterfaceOrientationPortraitUpsideDown UIInterfaceOrientationLandscapeLeft UIInterfaceOrientationLandscapeRight";
				INFOPLIST_KEY_UISupportedInterfaceOrientations_iPhone = "UIInterfaceOrientationPortrait UIInterfaceOrientationLandscapeLeft UIInterfaceOrientationLandscapeRight";
				LD_RUNPATH_SEARCH_PATHS = (
					"$(inherited)",
					"@executable_path/Frameworks",
				);
				MARKETING_VERSION = 1.0;
				PRODUCT_BUNDLE_IDENTIFIER = org.gryt.EduRide;
				PRODUCT_NAME = "$(TARGET_NAME)";
				SWIFT_EMIT_LOC_STRINGS = YES;
				SWIFT_VERSION = 5.0;
				TARGETED_DEVICE_FAMILY = "1,2";
			};
			name = Debug;
		};
		FC840C582B92B72300EC7B38 /* Release */ = {
			isa = XCBuildConfiguration;
			buildSettings = {
				ASSETCATALOG_COMPILER_APPICON_NAME = AppIcon;
				ASSETCATALOG_COMPILER_GLOBAL_ACCENT_COLOR_NAME = AccentColor;
				CODE_SIGN_STYLE = Automatic;
				CURRENT_PROJECT_VERSION = 1;
				GENERATE_INFOPLIST_FILE = YES;
				INFOPLIST_FILE = EduRide/Info.plist;
				INFOPLIST_KEY_UIApplicationSupportsIndirectInputEvents = YES;
				INFOPLIST_KEY_UILaunchStoryboardName = LaunchScreen;
				INFOPLIST_KEY_UIMainStoryboardFile = Main;
				INFOPLIST_KEY_UISupportedInterfaceOrientations_iPad = "UIInterfaceOrientationPortrait UIInterfaceOrientationPortraitUpsideDown UIInterfaceOrientationLandscapeLeft UIInterfaceOrientationLandscapeRight";
				INFOPLIST_KEY_UISupportedInterfaceOrientations_iPhone = "UIInterfaceOrientationPortrait UIInterfaceOrientationLandscapeLeft UIInterfaceOrientationLandscapeRight";
				LD_RUNPATH_SEARCH_PATHS = (
					"$(inherited)",
					"@executable_path/Frameworks",
				);
				MARKETING_VERSION = 1.0;
				PRODUCT_BUNDLE_IDENTIFIER = org.gryt.EduRide;
				PRODUCT_NAME = "$(TARGET_NAME)";
				SWIFT_EMIT_LOC_STRINGS = YES;
				SWIFT_VERSION = 5.0;
				TARGETED_DEVICE_FAMILY = "1,2";
			};
			name = Release;
		};
		FC840C5A2B92B72300EC7B38 /* Debug */ = {
			isa = XCBuildConfiguration;
			buildSettings = {
				ALWAYS_EMBED_SWIFT_STANDARD_LIBRARIES = YES;
				BUNDLE_LOADER = "$(TEST_HOST)";
				CODE_SIGN_STYLE = Automatic;
				CURRENT_PROJECT_VERSION = 1;
				GENERATE_INFOPLIST_FILE = YES;
				IPHONEOS_DEPLOYMENT_TARGET = 17.2;
				MARKETING_VERSION = 1.0;
				PRODUCT_BUNDLE_IDENTIFIER = org.gryt.EduRideTests;
				PRODUCT_NAME = "$(TARGET_NAME)";
				SWIFT_EMIT_LOC_STRINGS = NO;
				SWIFT_VERSION = 5.0;
				TARGETED_DEVICE_FAMILY = "1,2";
				TEST_HOST = "$(BUILT_PRODUCTS_DIR)/EduRide.app/$(BUNDLE_EXECUTABLE_FOLDER_PATH)/EduRide";
			};
			name = Debug;
		};
		FC840C5B2B92B72300EC7B38 /* Release */ = {
			isa = XCBuildConfiguration;
			buildSettings = {
				ALWAYS_EMBED_SWIFT_STANDARD_LIBRARIES = YES;
				BUNDLE_LOADER = "$(TEST_HOST)";
				CODE_SIGN_STYLE = Automatic;
				CURRENT_PROJECT_VERSION = 1;
				GENERATE_INFOPLIST_FILE = YES;
				IPHONEOS_DEPLOYMENT_TARGET = 17.2;
				MARKETING_VERSION = 1.0;
				PRODUCT_BUNDLE_IDENTIFIER = org.gryt.EduRideTests;
				PRODUCT_NAME = "$(TARGET_NAME)";
				SWIFT_EMIT_LOC_STRINGS = NO;
				SWIFT_VERSION = 5.0;
				TARGETED_DEVICE_FAMILY = "1,2";
				TEST_HOST = "$(BUILT_PRODUCTS_DIR)/EduRide.app/$(BUNDLE_EXECUTABLE_FOLDER_PATH)/EduRide";
			};
			name = Release;
		};
		FC840C5D2B92B72300EC7B38 /* Debug */ = {
			isa = XCBuildConfiguration;
			buildSettings = {
				ALWAYS_EMBED_SWIFT_STANDARD_LIBRARIES = YES;
				CODE_SIGN_STYLE = Automatic;
				CURRENT_PROJECT_VERSION = 1;
				GENERATE_INFOPLIST_FILE = YES;
				MARKETING_VERSION = 1.0;
				PRODUCT_BUNDLE_IDENTIFIER = org.gryt.EduRideUITests;
				PRODUCT_NAME = "$(TARGET_NAME)";
				SWIFT_EMIT_LOC_STRINGS = NO;
				SWIFT_VERSION = 5.0;
				TARGETED_DEVICE_FAMILY = "1,2";
				TEST_TARGET_NAME = EduRide;
			};
			name = Debug;
		};
		FC840C5E2B92B72300EC7B38 /* Release */ = {
			isa = XCBuildConfiguration;
			buildSettings = {
				ALWAYS_EMBED_SWIFT_STANDARD_LIBRARIES = YES;
				CODE_SIGN_STYLE = Automatic;
				CURRENT_PROJECT_VERSION = 1;
				GENERATE_INFOPLIST_FILE = YES;
				MARKETING_VERSION = 1.0;
				PRODUCT_BUNDLE_IDENTIFIER = org.gryt.EduRideUITests;
				PRODUCT_NAME = "$(TARGET_NAME)";
				SWIFT_EMIT_LOC_STRINGS = NO;
				SWIFT_VERSION = 5.0;
				TARGETED_DEVICE_FAMILY = "1,2";
				TEST_TARGET_NAME = EduRide;
			};
			name = Release;
		};
/* End XCBuildConfiguration section */

/* Begin XCConfigurationList section */
		FC840C272B92B72200EC7B38 /* Build configuration list for PBXProject "EduRide" */ = {
			isa = XCConfigurationList;
			buildConfigurations = (
				FC840C542B92B72300EC7B38 /* Debug */,
				FC840C552B92B72300EC7B38 /* Release */,
			);
			defaultConfigurationIsVisible = 0;
			defaultConfigurationName = Release;
		};
		FC840C562B92B72300EC7B38 /* Build configuration list for PBXNativeTarget "EduRide" */ = {
			isa = XCConfigurationList;
			buildConfigurations = (
				FC840C572B92B72300EC7B38 /* Debug */,
				FC840C582B92B72300EC7B38 /* Release */,
			);
			defaultConfigurationIsVisible = 0;
			defaultConfigurationName = Release;
		};
		FC840C592B92B72300EC7B38 /* Build configuration list for PBXNativeTarget "EduRideTests" */ = {
			isa = XCConfigurationList;
			buildConfigurations = (
				FC840C5A2B92B72300EC7B38 /* Debug */,
				FC840C5B2B92B72300EC7B38 /* Release */,
			);
			defaultConfigurationIsVisible = 0;
			defaultConfigurationName = Release;
		};
		FC840C5C2B92B72300EC7B38 /* Build configuration list for PBXNativeTarget "EduRideUITests" */ = {
			isa = XCConfigurationList;
			buildConfigurations = (
				FC840C5D2B92B72300EC7B38 /* Debug */,
				FC840C5E2B92B72300EC7B38 /* Release */,
			);
			defaultConfigurationIsVisible = 0;
			defaultConfigurationName = Release;
		};
/* End XCConfigurationList section */

/* Begin XCRemoteSwiftPackageReference section */
		708A52232BC5A857004DC3BF /* XCRemoteSwiftPackageReference "firebase-ios-sdk" */ = {
			isa = XCRemoteSwiftPackageReference;
			repositoryURL = "https://github.com/firebase/firebase-ios-sdk";
			requirement = {
				kind = upToNextMajorVersion;
				minimumVersion = 10.24.0;
			};
		};
/* End XCRemoteSwiftPackageReference section */

/* Begin XCSwiftPackageProductDependency section */
		708A52242BC5A857004DC3BF /* FirebaseAuth */ = {
			isa = XCSwiftPackageProductDependency;
			package = 708A52232BC5A857004DC3BF /* XCRemoteSwiftPackageReference "firebase-ios-sdk" */;
			productName = FirebaseAuth;
		};
		708A52262BC5A857004DC3BF /* FirebaseFirestore */ = {
			isa = XCSwiftPackageProductDependency;
			package = 708A52232BC5A857004DC3BF /* XCRemoteSwiftPackageReference "firebase-ios-sdk" */;
			productName = FirebaseFirestore;
		};
		708A52282BC5A857004DC3BF /* FirebaseFirestoreSwift */ = {
			isa = XCSwiftPackageProductDependency;
			package = 708A52232BC5A857004DC3BF /* XCRemoteSwiftPackageReference "firebase-ios-sdk" */;
			productName = FirebaseFirestoreSwift;
		};
		708A522A2BC5A857004DC3BF /* FirebaseStorage */ = {
			isa = XCSwiftPackageProductDependency;
			package = 708A52232BC5A857004DC3BF /* XCRemoteSwiftPackageReference "firebase-ios-sdk" */;
			productName = FirebaseStorage;
		};
/* End XCSwiftPackageProductDependency section */
	};
	rootObject = FC840C242B92B72200EC7B38 /* Project object */;
}
